
Microsoft Visual Studio Solution File, Format Version 12.00
# Visual Studio Version 16
VisualStudioVersion = 16.0.32106.194
MinimumVisualStudioVersion = 10.0.40219.1
Project("{9A19103F-16F7-4668-BE54-9A1E7A4F7556}") = "Proje2", "Proje2\Proje2.csproj", "{756C9290-89A3-4ED1-9A2B-E5FC44AE1F29}"
EndProject
Project("{FAE04EC0-301F-11D3-BF4B-00C04F79EFBC}") = "WebApplication3", "WebApplication3\WebApplication3.csproj", "{570069AE-83B9-4228-A6FC-538B5F27D9BE}"
EndProject
Global
	GlobalSection(SolutionConfigurationPlatforms) = preSolution
		Debug|Any CPU = Debug|Any CPU
		Release|Any CPU = Release|Any CPU
	EndGlobalSection
	GlobalSection(ProjectConfigurationPlatforms) = postSolution
		{756C9290-89A3-4ED1-9A2B-E5FC44AE1F29}.Debug|Any CPU.ActiveCfg = Debug|Any CPU
		{756C9290-89A3-4ED1-9A2B-E5FC44AE1F29}.Debug|Any CPU.Build.0 = Debug|Any CPU
		{756C9290-89A3-4ED1-9A2B-E5FC44AE1F29}.Release|Any CPU.ActiveCfg = Release|Any CPU
		{756C9290-89A3-4ED1-9A2B-E5FC44AE1F29}.Release|Any CPU.Build.0 = Release|Any CPU
		{570069AE-83B9-4228-A6FC-538B5F27D9BE}.Debug|Any CPU.ActiveCfg = Debug|Any CPU
		{570069AE-83B9-4228-A6FC-538B5F27D9BE}.Debug|Any CPU.Build.0 = Debug|Any CPU
		{570069AE-83B9-4228-A6FC-538B5F27D9BE}.Release|Any CPU.ActiveCfg = Release|Any CPU
		{570069AE-83B9-4228-A6FC-538B5F27D9BE}.Release|Any CPU.Build.0 = Release|Any CPU
	EndGlobalSection
	GlobalSection(SolutionProperties) = preSolution
		HideSolutionNode = FALSE
	EndGlobalSection
	GlobalSection(ExtensibilityGlobals) = postSolution
		SolutionGuid = {91D9471B-346E-4B09-8578-45D20CAD7815}
	EndGlobalSection
EndGlobal
